
Microsoft Visual Studio Solution File, Format Version 12.00
# Visual Studio Version 16
VisualStudioVersion = 16.0.30717.126
MinimumVisualStudioVersion = 10.0.40219.1
Project("{FAE04EC0-301F-11D3-BF4B-00C04F79EFBC}") = "DoorEventsLogger", "DoorEventsLogger\DoorEventsLogger.csproj", "{C04CF053-0EB8-4675-9165-3860F67EE2CC}"
EndProject
Global
	GlobalSection(SolutionConfigurationPlatforms) = preSolution
		Debug|Any CPU = Debug|Any CPU
		Release|Any CPU = Release|Any CPU
	EndGlobalSection
	GlobalSection(ProjectConfigurationPlatforms) = postSolution
		{C04CF053-0EB8-4675-9165-3860F67EE2CC}.Debug|Any CPU.ActiveCfg = Debug|Any CPU
		{C04CF053-0EB8-4675-9165-3860F67EE2CC}.Debug|Any CPU.Build.0 = Debug|Any CPU
		{C04CF053-0EB8-4675-9165-3860F67EE2CC}.Release|Any CPU.ActiveCfg = Release|Any CPU
		{C04CF053-0EB8-4675-9165-3860F67EE2CC}.Release|Any CPU.Build.0 = Release|Any CPU
	EndGlobalSection
	GlobalSection(SolutionProperties) = preSolution
		HideSolutionNode = FALSE
	EndGlobalSection
	GlobalSection(ExtensibilityGlobals) = postSolution
		SolutionGuid = {C6A9E099-3C60-45E1-B399-6B5DD487860E}
	EndGlobalSection
EndGlobal
