
Microsoft Visual Studio Solution File, Format Version 12.00
# Visual Studio Version 16
VisualStudioVersion = 16.0.30717.126
MinimumVisualStudioVersion = 10.0.40219.1
Project("{FAE04EC0-301F-11D3-BF4B-00C04F79EFBC}") = "CleanUpThisCode", "CleanUpThisCode\CleanUpThisCode.csproj", "{97BA2DB2-0318-415A-A7A7-AD1B0E53664C}"
EndProject
Global
	GlobalSection(SolutionConfigurationPlatforms) = preSolution
		Debug|Any CPU = Debug|Any CPU
		Release|Any CPU = Release|Any CPU
	EndGlobalSection
	GlobalSection(ProjectConfigurationPlatforms) = postSolution
		{97BA2DB2-0318-415A-A7A7-AD1B0E53664C}.Debug|Any CPU.ActiveCfg = Debug|Any CPU
		{97BA2DB2-0318-415A-A7A7-AD1B0E53664C}.Debug|Any CPU.Build.0 = Debug|Any CPU
		{97BA2DB2-0318-415A-A7A7-AD1B0E53664C}.Release|Any CPU.ActiveCfg = Release|Any CPU
		{97BA2DB2-0318-415A-A7A7-AD1B0E53664C}.Release|Any CPU.Build.0 = Release|Any CPU
	EndGlobalSection
	GlobalSection(SolutionProperties) = preSolution
		HideSolutionNode = FALSE
	EndGlobalSection
	GlobalSection(ExtensibilityGlobals) = postSolution
		SolutionGuid = {D9B60F2E-C48D-4099-8FBA-45D0CC850DA0}
	EndGlobalSection
EndGlobal
