
Microsoft Visual Studio Solution File, Format Version 12.00
# Visual Studio Version 16
VisualStudioVersion = 16.0.30804.86
MinimumVisualStudioVersion = 10.0.40219.1
Project("{FAE04EC0-301F-11D3-BF4B-00C04F79EFBC}") = "Twelve days of Christmas", "Twelve days of Christmas\Twelve days of Christmas.csproj", "{8D56417C-B237-4C7C-BBC6-60AD7A615D65}"
EndProject
Global
	GlobalSection(SolutionConfigurationPlatforms) = preSolution
		Debug|Any CPU = Debug|Any CPU
		Release|Any CPU = Release|Any CPU
	EndGlobalSection
	GlobalSection(ProjectConfigurationPlatforms) = postSolution
		{8D56417C-B237-4C7C-BBC6-60AD7A615D65}.Debug|Any CPU.ActiveCfg = Debug|Any CPU
		{8D56417C-B237-4C7C-BBC6-60AD7A615D65}.Debug|Any CPU.Build.0 = Debug|Any CPU
		{8D56417C-B237-4C7C-BBC6-60AD7A615D65}.Release|Any CPU.ActiveCfg = Release|Any CPU
		{8D56417C-B237-4C7C-BBC6-60AD7A615D65}.Release|Any CPU.Build.0 = Release|Any CPU
	EndGlobalSection
	GlobalSection(SolutionProperties) = preSolution
		HideSolutionNode = FALSE
	EndGlobalSection
	GlobalSection(ExtensibilityGlobals) = postSolution
		SolutionGuid = {4E7F5991-5EC7-422F-8AD0-4559C0FF6AC1}
	EndGlobalSection
EndGlobal
