
Microsoft Visual Studio Solution File, Format Version 12.00
# Visual Studio Version 16
VisualStudioVersion = 16.0.30717.126
MinimumVisualStudioVersion = 10.0.40219.1
Project("{FAE04EC0-301F-11D3-BF4B-00C04F79EFBC}") = "hus_AB", "hus_AB\hus_AB.csproj", "{21269D3D-C01F-43FF-95B9-DE987F407461}"
EndProject
Global
	GlobalSection(SolutionConfigurationPlatforms) = preSolution
		Debug|Any CPU = Debug|Any CPU
		Release|Any CPU = Release|Any CPU
	EndGlobalSection
	GlobalSection(ProjectConfigurationPlatforms) = postSolution
		{21269D3D-C01F-43FF-95B9-DE987F407461}.Debug|Any CPU.ActiveCfg = Debug|Any CPU
		{21269D3D-C01F-43FF-95B9-DE987F407461}.Debug|Any CPU.Build.0 = Debug|Any CPU
		{21269D3D-C01F-43FF-95B9-DE987F407461}.Release|Any CPU.ActiveCfg = Release|Any CPU
		{21269D3D-C01F-43FF-95B9-DE987F407461}.Release|Any CPU.Build.0 = Release|Any CPU
	EndGlobalSection
	GlobalSection(SolutionProperties) = preSolution
		HideSolutionNode = FALSE
	EndGlobalSection
	GlobalSection(ExtensibilityGlobals) = postSolution
		SolutionGuid = {02CAD8F0-7308-4344-82F9-865D6209AB29}
	EndGlobalSection
EndGlobal
