
Microsoft Visual Studio Solution File, Format Version 12.00
# Visual Studio Version 16
VisualStudioVersion = 16.0.30717.126
MinimumVisualStudioVersion = 10.0.40219.1
Project("{FAE04EC0-301F-11D3-BF4B-00C04F79EFBC}") = "Assignment_1_Architecture", "Assignment_1_Architecture.csproj", "{26873BE7-7EBD-4B44-BBB2-F2E2C3EEC71D}"
EndProject
Global
	GlobalSection(SolutionConfigurationPlatforms) = preSolution
		Debug|Any CPU = Debug|Any CPU
		Release|Any CPU = Release|Any CPU
	EndGlobalSection
	GlobalSection(ProjectConfigurationPlatforms) = postSolution
		{26873BE7-7EBD-4B44-BBB2-F2E2C3EEC71D}.Debug|Any CPU.ActiveCfg = Debug|Any CPU
		{26873BE7-7EBD-4B44-BBB2-F2E2C3EEC71D}.Debug|Any CPU.Build.0 = Debug|Any CPU
		{26873BE7-7EBD-4B44-BBB2-F2E2C3EEC71D}.Release|Any CPU.ActiveCfg = Release|Any CPU
		{26873BE7-7EBD-4B44-BBB2-F2E2C3EEC71D}.Release|Any CPU.Build.0 = Release|Any CPU
	EndGlobalSection
	GlobalSection(SolutionProperties) = preSolution
		HideSolutionNode = FALSE
	EndGlobalSection
	GlobalSection(ExtensibilityGlobals) = postSolution
		SolutionGuid = {2B8048E4-6029-428F-91FA-0429008A2021}
	EndGlobalSection
EndGlobal
