
Microsoft Visual Studio Solution File, Format Version 12.00
# Visual Studio Version 16
VisualStudioVersion = 16.0.30523.141
MinimumVisualStudioVersion = 10.0.40219.1
Project("{FAE04EC0-301F-11D3-BF4B-00C04F79EFBC}") = "uppgift1_HFAB", "uppgift1_HFAB\uppgift1_HFAB.csproj", "{C75DE49A-D4E4-497D-9FC5-E71E8B01B793}"
EndProject
Global
	GlobalSection(SolutionConfigurationPlatforms) = preSolution
		Debug|Any CPU = Debug|Any CPU
		Release|Any CPU = Release|Any CPU
	EndGlobalSection
	GlobalSection(ProjectConfigurationPlatforms) = postSolution
		{C75DE49A-D4E4-497D-9FC5-E71E8B01B793}.Debug|Any CPU.ActiveCfg = Debug|Any CPU
		{C75DE49A-D4E4-497D-9FC5-E71E8B01B793}.Debug|Any CPU.Build.0 = Debug|Any CPU
		{C75DE49A-D4E4-497D-9FC5-E71E8B01B793}.Release|Any CPU.ActiveCfg = Release|Any CPU
		{C75DE49A-D4E4-497D-9FC5-E71E8B01B793}.Release|Any CPU.Build.0 = Release|Any CPU
	EndGlobalSection
	GlobalSection(SolutionProperties) = preSolution
		HideSolutionNode = FALSE
	EndGlobalSection
	GlobalSection(ExtensibilityGlobals) = postSolution
		SolutionGuid = {0BA11D3E-4E94-4181-8282-C7F9CCB9E7EF}
	EndGlobalSection
EndGlobal
