
Microsoft Visual Studio Solution File, Format Version 12.00
# Visual Studio Version 16
VisualStudioVersion = 16.0.30523.141
MinimumVisualStudioVersion = 10.0.40219.1
Project("{FAE04EC0-301F-11D3-BF4B-00C04F79EFBC}") = "ApartmentDB", "ApartmentDB\ApartmentDB.csproj", "{CF412A44-7EDC-4B5E-B032-892B4A3AAC04}"
EndProject
Global
	GlobalSection(SolutionConfigurationPlatforms) = preSolution
		Debug|Any CPU = Debug|Any CPU
		Release|Any CPU = Release|Any CPU
	EndGlobalSection
	GlobalSection(ProjectConfigurationPlatforms) = postSolution
		{CF412A44-7EDC-4B5E-B032-892B4A3AAC04}.Debug|Any CPU.ActiveCfg = Debug|Any CPU
		{CF412A44-7EDC-4B5E-B032-892B4A3AAC04}.Debug|Any CPU.Build.0 = Debug|Any CPU
		{CF412A44-7EDC-4B5E-B032-892B4A3AAC04}.Release|Any CPU.ActiveCfg = Release|Any CPU
		{CF412A44-7EDC-4B5E-B032-892B4A3AAC04}.Release|Any CPU.Build.0 = Release|Any CPU
	EndGlobalSection
	GlobalSection(SolutionProperties) = preSolution
		HideSolutionNode = FALSE
	EndGlobalSection
	GlobalSection(ExtensibilityGlobals) = postSolution
		SolutionGuid = {B2FA22F9-756B-447E-BE53-24E9D356621C}
	EndGlobalSection
EndGlobal
