
Microsoft Visual Studio Solution File, Format Version 12.00
# Visual Studio Version 16
VisualStudioVersion = 16.0.30711.63
MinimumVisualStudioVersion = 10.0.40219.1
Project("{FAE04EC0-301F-11D3-BF4B-00C04F79EFBC}") = "SimpleDatabase", "SimpleDatabase\SimpleDatabase.csproj", "{BAE1EB2A-1DED-4940-90C5-0736BFDB0CF3}"
EndProject
Global
	GlobalSection(SolutionConfigurationPlatforms) = preSolution
		Debug|Any CPU = Debug|Any CPU
		Release|Any CPU = Release|Any CPU
	EndGlobalSection
	GlobalSection(ProjectConfigurationPlatforms) = postSolution
		{BAE1EB2A-1DED-4940-90C5-0736BFDB0CF3}.Debug|Any CPU.ActiveCfg = Debug|Any CPU
		{BAE1EB2A-1DED-4940-90C5-0736BFDB0CF3}.Debug|Any CPU.Build.0 = Debug|Any CPU
		{BAE1EB2A-1DED-4940-90C5-0736BFDB0CF3}.Release|Any CPU.ActiveCfg = Release|Any CPU
		{BAE1EB2A-1DED-4940-90C5-0736BFDB0CF3}.Release|Any CPU.Build.0 = Release|Any CPU
	EndGlobalSection
	GlobalSection(SolutionProperties) = preSolution
		HideSolutionNode = FALSE
	EndGlobalSection
	GlobalSection(ExtensibilityGlobals) = postSolution
		SolutionGuid = {97F3F787-B025-416B-82BA-BA0CB8D120F3}
	EndGlobalSection
EndGlobal
